// !$*UTF8*$!
{
	archiveVersion = 1;
	classes = {
	};
	objectVersion = 56;
	objects = {

/* Begin PBXBuildFile section */
		APP0001 /* SidratApp.swift in Sources */ = {isa = PBXBuildFile; fileRef = SRC0001 /* SidratApp.swift */; };
		APP0002 /* RootView.swift in Sources */ = {isa = PBXBuildFile; fileRef = SRC0002 /* RootView.swift */; };
		APP0003 /* MainTabView.swift in Sources */ = {isa = PBXBuildFile; fileRef = SRC0003 /* MainTabView.swift */; };
		AST0001 /* Assets.xcassets in Resources */ = {isa = PBXBuildFile; fileRef = RES0001 /* Assets.xcassets */; };
		AST0002 /* Preview Assets.xcassets in Resources */ = {isa = PBXBuildFile; fileRef = RES0002 /* Preview Assets.xcassets */; };
		DE0FD7502EFFA0F700673B6F /* SidratViewsParentalGateView.swift in Sources */ = {isa = PBXBuildFile; fileRef = DE0FD74F2EFFA0F700673B6F /* SidratViewsParentalGateView.swift */; };
		DE0FD7522EFFA10700673B6F /* SidratModelsAvatarOption.swift in Sources */ = {isa = PBXBuildFile; fileRef = DE0FD7512EFFA10700673B6F /* SidratModelsAvatarOption.swift */; };
		FEA0001 /* OnboardingView.swift in Sources */ = {isa = PBXBuildFile; fileRef = SRC0020 /* OnboardingView.swift */; };
		FEA0002 /* HomeView.swift in Sources */ = {isa = PBXBuildFile; fileRef = SRC0021 /* HomeView.swift */; };
		FEA0003 /* LearnView.swift in Sources */ = {isa = PBXBuildFile; fileRef = SRC0022 /* LearnView.swift */; };
		FEA0004 /* FamilyView.swift in Sources */ = {isa = PBXBuildFile; fileRef = SRC0023 /* FamilyView.swift */; };
		FEA0005 /* ProgressView.swift in Sources */ = {isa = PBXBuildFile; fileRef = SRC0024 /* ProgressView.swift */; };
		FEA0006 /* SettingsView.swift in Sources */ = {isa = PBXBuildFile; fileRef = SRC0025 /* SettingsView.swift */; };
		FEA0007 /* LessonDetailView.swift in Sources */ = {isa = PBXBuildFile; fileRef = SRC0026 /* LessonDetailView.swift */; };
		FEA0008 /* LessonPlayerView.swift in Sources */ = {isa = PBXBuildFile; fileRef = SRC0027 /* LessonPlayerView.swift */; };
		FEA0009 /* LessonCompletionView.swift in Sources */ = {isa = PBXBuildFile; fileRef = SRC0028 /* LessonCompletionView.swift */; };
		FEA0010 /* FamilyActivityDetailView.swift in Sources */ = {isa = PBXBuildFile; fileRef = SRC0029 /* FamilyActivityDetailView.swift */; };
		FEA0011 /* ProfileSwitcherView.swift in Sources */ = {isa = PBXBuildFile; fileRef = SRC0032 /* ProfileSwitcherView.swift */; };
		MOD0001 /* Child.swift in Sources */ = {isa = PBXBuildFile; fileRef = SRC0010 /* Child.swift */; };
		MOD0002 /* Lesson.swift in Sources */ = {isa = PBXBuildFile; fileRef = SRC0011 /* Lesson.swift */; };
		MOD0003 /* LessonProgress.swift in Sources */ = {isa = PBXBuildFile; fileRef = SRC0012 /* LessonProgress.swift */; };
		MOD0004 /* Achievement.swift in Sources */ = {isa = PBXBuildFile; fileRef = SRC0013 /* Achievement.swift */; };
		MOD0005 /* FamilyActivity.swift in Sources */ = {isa = PBXBuildFile; fileRef = SRC0014 /* FamilyActivity.swift */; };
		UI0001 /* Theme.swift in Sources */ = {isa = PBXBuildFile; fileRef = SRC0030 /* Theme.swift */; };
		UI0002 /* Components.swift in Sources */ = {isa = PBXBuildFile; fileRef = SRC0031 /* Components.swift */; };
/* End PBXBuildFile section */

/* Begin PBXFileReference section */
		DE0FD74F2EFFA0F700673B6F /* SidratViewsParentalGateView.swift */ = {isa = PBXFileReference; lastKnownFileType = sourcecode.swift; path = SidratViewsParentalGateView.swift; sourceTree = "<group>"; };
		DE0FD7512EFFA10700673B6F /* SidratModelsAvatarOption.swift */ = {isa = PBXFileReference; lastKnownFileType = sourcecode.swift; path = SidratModelsAvatarOption.swift; sourceTree = "<group>"; };
		PROD001 /* Sidrat.app */ = {isa = PBXFileReference; explicitFileType = wrapper.application; includeInIndex = 0; path = Sidrat.app; sourceTree = BUILT_PRODUCTS_DIR; };
		RES0001 /* Assets.xcassets */ = {isa = PBXFileReference; lastKnownFileType = folder.assetcatalog; path = Assets.xcassets; sourceTree = "<group>"; };
		RES0002 /* Preview Assets.xcassets */ = {isa = PBXFileReference; lastKnownFileType = folder.assetcatalog; path = "Preview Assets.xcassets"; sourceTree = "<group>"; };
		SRC0001 /* SidratApp.swift */ = {isa = PBXFileReference; lastKnownFileType = sourcecode.swift; path = SidratApp.swift; sourceTree = "<group>"; };
		SRC0002 /* RootView.swift */ = {isa = PBXFileReference; lastKnownFileType = sourcecode.swift; path = RootView.swift; sourceTree = "<group>"; };
		SRC0003 /* MainTabView.swift */ = {isa = PBXFileReference; lastKnownFileType = sourcecode.swift; path = MainTabView.swift; sourceTree = "<group>"; };
		SRC0010 /* Child.swift */ = {isa = PBXFileReference; lastKnownFileType = sourcecode.swift; path = Child.swift; sourceTree = "<group>"; };
		SRC0011 /* Lesson.swift */ = {isa = PBXFileReference; lastKnownFileType = sourcecode.swift; path = Lesson.swift; sourceTree = "<group>"; };
		SRC0012 /* LessonProgress.swift */ = {isa = PBXFileReference; lastKnownFileType = sourcecode.swift; path = LessonProgress.swift; sourceTree = "<group>"; };
		SRC0013 /* Achievement.swift */ = {isa = PBXFileReference; lastKnownFileType = sourcecode.swift; path = Achievement.swift; sourceTree = "<group>"; };
		SRC0014 /* FamilyActivity.swift */ = {isa = PBXFileReference; lastKnownFileType = sourcecode.swift; path = FamilyActivity.swift; sourceTree = "<group>"; };
		SRC0020 /* OnboardingView.swift */ = {isa = PBXFileReference; lastKnownFileType = sourcecode.swift; path = OnboardingView.swift; sourceTree = "<group>"; };
		SRC0021 /* HomeView.swift */ = {isa = PBXFileReference; lastKnownFileType = sourcecode.swift; path = HomeView.swift; sourceTree = "<group>"; };
		SRC0022 /* LearnView.swift */ = {isa = PBXFileReference; lastKnownFileType = sourcecode.swift; path = LearnView.swift; sourceTree = "<group>"; };
		SRC0023 /* FamilyView.swift */ = {isa = PBXFileReference; lastKnownFileType = sourcecode.swift; path = FamilyView.swift; sourceTree = "<group>"; };
		SRC0024 /* ProgressView.swift */ = {isa = PBXFileReference; lastKnownFileType = sourcecode.swift; path = ProgressView.swift; sourceTree = "<group>"; };
		SRC0025 /* SettingsView.swift */ = {isa = PBXFileReference; lastKnownFileType = sourcecode.swift; path = SettingsView.swift; sourceTree = "<group>"; };
		SRC0026 /* LessonDetailView.swift */ = {isa = PBXFileReference; lastKnownFileType = sourcecode.swift; path = LessonDetailView.swift; sourceTree = "<group>"; };
		SRC0027 /* LessonPlayerView.swift */ = {isa = PBXFileReference; lastKnownFileType = sourcecode.swift; path = LessonPlayerView.swift; sourceTree = "<group>"; };
		SRC0028 /* LessonCompletionView.swift */ = {isa = PBXFileReference; lastKnownFileType = sourcecode.swift; path = LessonCompletionView.swift; sourceTree = "<group>"; };
		SRC0029 /* FamilyActivityDetailView.swift */ = {isa = PBXFileReference; lastKnownFileType = sourcecode.swift; path = FamilyActivityDetailView.swift; sourceTree = "<group>"; };
		SRC0030 /* Theme.swift */ = {isa = PBXFileReference; lastKnownFileType = sourcecode.swift; path = Theme.swift; sourceTree = "<group>"; };
		SRC0031 /* Components.swift */ = {isa = PBXFileReference; lastKnownFileType = sourcecode.swift; path = Components.swift; sourceTree = "<group>"; };
		SRC0032 /* ProfileSwitcherView.swift */ = {isa = PBXFileReference; lastKnownFileType = sourcecode.swift; path = ProfileSwitcherView.swift; sourceTree = "<group>"; };
/* End PBXFileReference section */

/* Begin PBXFrameworksBuildPhase section */
		FRM0001 /* Frameworks */ = {
			isa = PBXFrameworksBuildPhase;
			buildActionMask = 2147483647;
			files = (
			);
			runOnlyForDeploymentPostprocessing = 0;
		};
/* End PBXFrameworksBuildPhase section */

/* Begin PBXGroup section */
		GRP0001 /* Sidrat */ = {
			isa = PBXGroup;
			children = (
				GRP0010 /* App */,
				GRP0020 /* Core */,
				GRP0030 /* Features */,
				GRP0040 /* UI */,
				GRP0050 /* Resources */,
			);
			path = Sidrat;
			sourceTree = "<group>";
		};
		GRP0002 /* Products */ = {
			isa = PBXGroup;
			children = (
				PROD001 /* Sidrat.app */,
			);
			name = Products;
			sourceTree = "<group>";
		};
		GRP0010 /* App */ = {
			isa = PBXGroup;
			children = (
				SRC0001 /* SidratApp.swift */,
				SRC0002 /* RootView.swift */,
				SRC0003 /* MainTabView.swift */,
			);
			path = App;
			sourceTree = "<group>";
		};
		GRP0020 /* Core */ = {
			isa = PBXGroup;
			children = (
				GRP0021 /* Models */,
			);
			path = Core;
			sourceTree = "<group>";
		};
		GRP0021 /* Models */ = {
			isa = PBXGroup;
			children = (
				SRC0010 /* Child.swift */,
				SRC0011 /* Lesson.swift */,
				SRC0012 /* LessonProgress.swift */,
				SRC0013 /* Achievement.swift */,
				SRC0014 /* FamilyActivity.swift */,
				DE0FD74F2EFFA0F700673B6F /* SidratViewsParentalGateView.swift */,
				DE0FD7512EFFA10700673B6F /* SidratModelsAvatarOption.swift */,
			);
			path = Models;
			sourceTree = "<group>";
		};
		GRP0030 /* Features */ = {
			isa = PBXGroup;
			children = (
				GRP0031 /* Onboarding */,
				GRP0032 /* Home */,
				GRP0033 /* Learn */,
				GRP0034 /* Family */,
				GRP0035 /* Progress */,
				GRP0036 /* Settings */,
			);
			path = Features;
			sourceTree = "<group>";
		};
		GRP0031 /* Onboarding */ = {
			isa = PBXGroup;
			children = (
				SRC0020 /* OnboardingView.swift */,
			);
			path = Onboarding;
			sourceTree = "<group>";
		};
		GRP0032 /* Home */ = {
			isa = PBXGroup;
			children = (
				SRC0021 /* HomeView.swift */,
				SRC0032 /* ProfileSwitcherView.swift */,
			);
			path = Home;
			sourceTree = "<group>";
		};
		GRP0033 /* Learn */ = {
			isa = PBXGroup;
			children = (
				SRC0022 /* LearnView.swift */,
				SRC0026 /* LessonDetailView.swift */,
				SRC0027 /* LessonPlayerView.swift */,
				SRC0028 /* LessonCompletionView.swift */,
			);
			path = Learn;
			sourceTree = "<group>";
		};
		GRP0034 /* Family */ = {
			isa = PBXGroup;
			children = (
				SRC0023 /* FamilyView.swift */,
				SRC0029 /* FamilyActivityDetailView.swift */,
			);
			path = Family;
			sourceTree = "<group>";
		};
		GRP0035 /* Progress */ = {
			isa = PBXGroup;
			children = (
				SRC0024 /* ProgressView.swift */,
			);
			path = Progress;
			sourceTree = "<group>";
		};
		GRP0036 /* Settings */ = {
			isa = PBXGroup;
			children = (
				SRC0025 /* SettingsView.swift */,
			);
			path = Settings;
			sourceTree = "<group>";
		};
		GRP0040 /* UI */ = {
			isa = PBXGroup;
			children = (
				GRP0041 /* Theme */,
				GRP0042 /* Components */,
			);
			path = UI;
			sourceTree = "<group>";
		};
		GRP0041 /* Theme */ = {
			isa = PBXGroup;
			children = (
				SRC0030 /* Theme.swift */,
			);
			path = Theme;
			sourceTree = "<group>";
		};
		GRP0042 /* Components */ = {
			isa = PBXGroup;
			children = (
				SRC0031 /* Components.swift */,
			);
			path = Components;
			sourceTree = "<group>";
		};
		GRP0050 /* Resources */ = {
			isa = PBXGroup;
			children = (
				RES0001 /* Assets.xcassets */,
				GRP0051 /* Preview Content */,
			);
			path = Resources;
			sourceTree = "<group>";
		};
		GRP0051 /* Preview Content */ = {
			isa = PBXGroup;
			children = (
				RES0002 /* Preview Assets.xcassets */,
			);
			path = "Preview Content";
			sourceTree = "<group>";
		};
		ROOT0001 = {
			isa = PBXGroup;
			children = (
				GRP0001 /* Sidrat */,
				GRP0002 /* Products */,
			);
			sourceTree = "<group>";
		};
/* End PBXGroup section */

/* Begin PBXNativeTarget section */
		TGT0001 /* Sidrat */ = {
			isa = PBXNativeTarget;
			buildConfigurationList = CFG0003 /* Build configuration list for PBXNativeTarget "Sidrat" */;
			buildPhases = (
				SRC0000 /* Sources */,
				FRM0001 /* Frameworks */,
				RSC0001 /* Resources */,
			);
			buildRules = (
			);
			dependencies = (
			);
			name = Sidrat;
			productName = Sidrat;
			productReference = PROD001 /* Sidrat.app */;
			productType = "com.apple.product-type.application";
		};
/* End PBXNativeTarget section */

/* Begin PBXProject section */
		PRJ0001 /* Project object */ = {
			isa = PBXProject;
			attributes = {
				BuildIndependentTargetsInParallel = 1;
				LastSwiftUpdateCheck = 1500;
				LastUpgradeCheck = 2620;
				TargetAttributes = {
					TGT0001 = {
						CreatedOnToolsVersion = 15.0;
					};
				};
			};
			buildConfigurationList = CFG0001 /* Build configuration list for PBXProject "Sidrat" */;
			compatibilityVersion = "Xcode 14.0";
			developmentRegion = en;
			hasScannedForEncodings = 0;
			knownRegions = (
				en,
				Base,
			);
			mainGroup = ROOT0001;
			productRefGroup = GRP0002 /* Products */;
			projectDirPath = "";
			projectRoot = "";
			targets = (
				TGT0001 /* Sidrat */,
			);
		};
/* End PBXProject section */

/* Begin PBXResourcesBuildPhase section */
		RSC0001 /* Resources */ = {
			isa = PBXResourcesBuildPhase;
			buildActionMask = 2147483647;
			files = (
				AST0001 /* Assets.xcassets in Resources */,
				AST0002 /* Preview Assets.xcassets in Resources */,
			);
			runOnlyForDeploymentPostprocessing = 0;
		};
/* End PBXResourcesBuildPhase section */

/* Begin PBXSourcesBuildPhase section */
		SRC0000 /* Sources */ = {
			isa = PBXSourcesBuildPhase;
			buildActionMask = 2147483647;
			files = (
				APP0001 /* SidratApp.swift in Sources */,
				APP0002 /* RootView.swift in Sources */,
				APP0003 /* MainTabView.swift in Sources */,
				MOD0001 /* Child.swift in Sources */,
				DE0FD7502EFFA0F700673B6F /* SidratViewsParentalGateView.swift in Sources */,
				MOD0002 /* Lesson.swift in Sources */,
				MOD0003 /* LessonProgress.swift in Sources */,
				MOD0004 /* Achievement.swift in Sources */,
				MOD0005 /* FamilyActivity.swift in Sources */,
				FEA0001 /* OnboardingView.swift in Sources */,
				DE0FD7522EFFA10700673B6F /* SidratModelsAvatarOption.swift in Sources */,
				FEA0002 /* HomeView.swift in Sources */,
				FEA0003 /* LearnView.swift in Sources */,
				FEA0004 /* FamilyView.swift in Sources */,
				FEA0005 /* ProgressView.swift in Sources */,
				FEA0006 /* SettingsView.swift in Sources */,
				FEA0007 /* LessonDetailView.swift in Sources */,
				FEA0008 /* LessonPlayerView.swift in Sources */,
				FEA0009 /* LessonCompletionView.swift in Sources */,
				FEA0010 /* FamilyActivityDetailView.swift in Sources */,
				FEA0011 /* ProfileSwitcherView.swift in Sources */,
				UI0001 /* Theme.swift in Sources */,
				UI0002 /* Components.swift in Sources */,
			);
			runOnlyForDeploymentPostprocessing = 0;
		};
/* End PBXSourcesBuildPhase section */

/* Begin XCBuildConfiguration section */
		CFG0010 /* Debug */ = {
			isa = XCBuildConfiguration;
			buildSettings = {
				ALWAYS_SEARCH_USER_PATHS = NO;
				ASSETCATALOG_COMPILER_GENERATE_SWIFT_ASSET_SYMBOL_EXTENSIONS = YES;
				CLANG_ANALYZER_NONNULL = YES;
				CLANG_ANALYZER_NUMBER_OBJECT_CONVERSION = YES_AGGRESSIVE;
				CLANG_CXX_LANGUAGE_STANDARD = "gnu++20";
				CLANG_ENABLE_MODULES = YES;
				CLANG_ENABLE_OBJC_ARC = YES;
				CLANG_ENABLE_OBJC_WEAK = YES;
				CLANG_WARN_BLOCK_CAPTURE_AUTORELEASING = YES;
				CLANG_WARN_BOOL_CONVERSION = YES;
				CLANG_WARN_COMMA = YES;
				CLANG_WARN_CONSTANT_CONVERSION = YES;
				CLANG_WARN_DEPRECATED_OBJC_IMPLEMENTATIONS = YES;
				CLANG_WARN_DIRECT_OBJC_ISA_USAGE = YES_ERROR;
				CLANG_WARN_DOCUMENTATION_COMMENTS = YES;
				CLANG_WARN_EMPTY_BODY = YES;
				CLANG_WARN_ENUM_CONVERSION = YES;
				CLANG_WARN_INFINITE_RECURSION = YES;
				CLANG_WARN_INT_CONVERSION = YES;
				CLANG_WARN_NON_LITERAL_NULL_CONVERSION = YES;
				CLANG_WARN_OBJC_IMPLICIT_RETAIN_SELF = YES;
				CLANG_WARN_OBJC_LITERAL_CONVERSION = YES;
				CLANG_WARN_OBJC_ROOT_CLASS = YES_ERROR;
				CLANG_WARN_QUOTED_INCLUDE_IN_FRAMEWORK_HEADER = YES;
				CLANG_WARN_RANGE_LOOP_ANALYSIS = YES;
				CLANG_WARN_STRICT_PROTOTYPES = YES;
				CLANG_WARN_SUSPICIOUS_MOVE = YES;
				CLANG_WARN_UNGUARDED_AVAILABILITY = YES_AGGRESSIVE;
				CLANG_WARN_UNREACHABLE_CODE = YES;
				CLANG_WARN__DUPLICATE_METHOD_MATCH = YES;
				COPY_PHASE_STRIP = NO;
				DEBUG_INFORMATION_FORMAT = dwarf;
				ENABLE_STRICT_OBJC_MSGSEND = YES;
				ENABLE_TESTABILITY = YES;
				ENABLE_USER_SCRIPT_SANDBOXING = YES;
				GCC_C_LANGUAGE_STANDARD = gnu17;
				GCC_DYNAMIC_NO_PIC = NO;
				GCC_NO_COMMON_BLOCKS = YES;
				GCC_OPTIMIZATION_LEVEL = 0;
				GCC_PREPROCESSOR_DEFINITIONS = (
					"DEBUG=1",
					"$(inherited)",
				);
				GCC_WARN_64_TO_32_BIT_CONVERSION = YES;
				GCC_WARN_ABOUT_RETURN_TYPE = YES_ERROR;
				GCC_WARN_UNDECLARED_SELECTOR = YES;
				GCC_WARN_UNINITIALIZED_AUTOS = YES_AGGRESSIVE;
				GCC_WARN_UNUSED_FUNCTION = YES;
				GCC_WARN_UNUSED_VARIABLE = YES;
				IPHONEOS_DEPLOYMENT_TARGET = 17.0;
				LOCALIZATION_PREFERS_STRING_CATALOGS = YES;
				MTL_ENABLE_DEBUG_INFO = INCLUDE_SOURCE;
				MTL_FAST_MATH = YES;
				ONLY_ACTIVE_ARCH = YES;
				SDKROOT = iphoneos;
				STRING_CATALOG_GENERATE_SYMBOLS = YES;
				SWIFT_ACTIVE_COMPILATION_CONDITIONS = "DEBUG $(inherited)";
				SWIFT_OPTIMIZATION_LEVEL = "-Onone";
			};
			name = Debug;
		};
		CFG0011 /* Release */ = {
			isa = XCBuildConfiguration;
			buildSettings = {
				ALWAYS_SEARCH_USER_PATHS = NO;
				ASSETCATALOG_COMPILER_GENERATE_SWIFT_ASSET_SYMBOL_EXTENSIONS = YES;
				CLANG_ANALYZER_NONNULL = YES;
				CLANG_ANALYZER_NUMBER_OBJECT_CONVERSION = YES_AGGRESSIVE;
				CLANG_CXX_LANGUAGE_STANDARD = "gnu++20";
				CLANG_ENABLE_MODULES = YES;
				CLANG_ENABLE_OBJC_ARC = YES;
				CLANG_ENABLE_OBJC_WEAK = YES;
				CLANG_WARN_BLOCK_CAPTURE_AUTORELEASING = YES;
				CLANG_WARN_BOOL_CONVERSION = YES;
				CLANG_WARN_COMMA = YES;
				CLANG_WARN_CONSTANT_CONVERSION = YES;
				CLANG_WARN_DEPRECATED_OBJC_IMPLEMENTATIONS = YES;
				CLANG_WARN_DIRECT_OBJC_ISA_USAGE = YES_ERROR;
				CLANG_WARN_DOCUMENTATION_COMMENTS = YES;
				CLANG_WARN_EMPTY_BODY = YES;
				CLANG_WARN_ENUM_CONVERSION = YES;
				CLANG_WARN_INFINITE_RECURSION = YES;
				CLANG_WARN_INT_CONVERSION = YES;
				CLANG_WARN_NON_LITERAL_NULL_CONVERSION = YES;
				CLANG_WARN_OBJC_IMPLICIT_RETAIN_SELF = YES;
				CLANG_WARN_OBJC_LITERAL_CONVERSION = YES;
				CLANG_WARN_OBJC_ROOT_CLASS = YES_ERROR;
				CLANG_WARN_QUOTED_INCLUDE_IN_FRAMEWORK_HEADER = YES;
				CLANG_WARN_RANGE_LOOP_ANALYSIS = YES;
				CLANG_WARN_STRICT_PROTOTYPES = YES;
				CLANG_WARN_SUSPICIOUS_MOVE = YES;
				CLANG_WARN_UNGUARDED_AVAILABILITY = YES_AGGRESSIVE;
				CLANG_WARN_UNREACHABLE_CODE = YES;
				CLANG_WARN__DUPLICATE_METHOD_MATCH = YES;
				COPY_PHASE_STRIP = NO;
				DEBUG_INFORMATION_FORMAT = "dwarf-with-dsym";
				ENABLE_NS_ASSERTIONS = NO;
				ENABLE_STRICT_OBJC_MSGSEND = YES;
				ENABLE_USER_SCRIPT_SANDBOXING = YES;
				GCC_C_LANGUAGE_STANDARD = gnu17;
				GCC_NO_COMMON_BLOCKS = YES;
				GCC_WARN_64_TO_32_BIT_CONVERSION = YES;
				GCC_WARN_ABOUT_RETURN_TYPE = YES_ERROR;
				GCC_WARN_UNDECLARED_SELECTOR = YES;
				GCC_WARN_UNINITIALIZED_AUTOS = YES_AGGRESSIVE;
				GCC_WARN_UNUSED_FUNCTION = YES;
				GCC_WARN_UNUSED_VARIABLE = YES;
				IPHONEOS_DEPLOYMENT_TARGET = 17.0;
				LOCALIZATION_PREFERS_STRING_CATALOGS = YES;
				MTL_ENABLE_DEBUG_INFO = NO;
				MTL_FAST_MATH = YES;
				SDKROOT = iphoneos;
				STRING_CATALOG_GENERATE_SYMBOLS = YES;
				SWIFT_COMPILATION_MODE = wholemodule;
				VALIDATE_PRODUCT = YES;
			};
			name = Release;
		};
		CFG0020 /* Debug */ = {
			isa = XCBuildConfiguration;
			buildSettings = {
				ASSETCATALOG_COMPILER_APPICON_NAME = AppIcon;
				ASSETCATALOG_COMPILER_GLOBAL_ACCENT_COLOR_NAME = AccentColor;
				CODE_SIGN_STYLE = Automatic;
				CURRENT_PROJECT_VERSION = 1;
				DEVELOPMENT_ASSET_PATHS = "\"Sidrat/Resources/Preview Content\"";
				DEVELOPMENT_TEAM = 7HRGW55BZN;
				ENABLE_PREVIEWS = YES;
				GENERATE_INFOPLIST_FILE = YES;
				INFOPLIST_KEY_UIApplicationSceneManifest_Generation = YES;
				INFOPLIST_KEY_UIApplicationSupportsIndirectInputEvents = YES;
				INFOPLIST_KEY_UILaunchScreen_Generation = YES;
				INFOPLIST_KEY_UISupportedInterfaceOrientations_iPad = "UIInterfaceOrientationPortrait UIInterfaceOrientationPortraitUpsideDown UIInterfaceOrientationLandscapeLeft UIInterfaceOrientationLandscapeRight";
				INFOPLIST_KEY_UISupportedInterfaceOrientations_iPhone = "UIInterfaceOrientationPortrait UIInterfaceOrientationLandscapeLeft UIInterfaceOrientationLandscapeRight";
				LD_RUNPATH_SEARCH_PATHS = (
					"$(inherited)",
					"@executable_path/Frameworks",
				);
				MARKETING_VERSION = 1.0;
				PRODUCT_BUNDLE_IDENTIFIER = app.sidrat.Sidrat;
				PRODUCT_NAME = "$(TARGET_NAME)";
				SWIFT_EMIT_LOC_STRINGS = YES;
				SWIFT_VERSION = 5.0;
				TARGETED_DEVICE_FAMILY = "1,2";
			};
			name = Debug;
		};
		CFG0021 /* Release */ = {
			isa = XCBuildConfiguration;
			buildSettings = {
				ASSETCATALOG_COMPILER_APPICON_NAME = AppIcon;
				ASSETCATALOG_COMPILER_GLOBAL_ACCENT_COLOR_NAME = AccentColor;
				CODE_SIGN_STYLE = Automatic;
				CURRENT_PROJECT_VERSION = 1;
				DEVELOPMENT_ASSET_PATHS = "\"Sidrat/Resources/Preview Content\"";
				DEVELOPMENT_TEAM = 7HRGW55BZN;
				ENABLE_PREVIEWS = YES;
				GENERATE_INFOPLIST_FILE = YES;
				INFOPLIST_KEY_UIApplicationSceneManifest_Generation = YES;
				INFOPLIST_KEY_UIApplicationSupportsIndirectInputEvents = YES;
				INFOPLIST_KEY_UILaunchScreen_Generation = YES;
				INFOPLIST_KEY_UISupportedInterfaceOrientations_iPad = "UIInterfaceOrientationPortrait UIInterfaceOrientationPortraitUpsideDown UIInterfaceOrientationLandscapeLeft UIInterfaceOrientationLandscapeRight";
				INFOPLIST_KEY_UISupportedInterfaceOrientations_iPhone = "UIInterfaceOrientationPortrait UIInterfaceOrientationLandscapeLeft UIInterfaceOrientationLandscapeRight";
				LD_RUNPATH_SEARCH_PATHS = (
					"$(inherited)",
					"@executable_path/Frameworks",
				);
				MARKETING_VERSION = 1.0;
				PRODUCT_BUNDLE_IDENTIFIER = app.sidrat.Sidrat;
				PRODUCT_NAME = "$(TARGET_NAME)";
				SWIFT_EMIT_LOC_STRINGS = YES;
				SWIFT_VERSION = 5.0;
				TARGETED_DEVICE_FAMILY = "1,2";
			};
			name = Release;
		};
/* End XCBuildConfiguration section */

/* Begin XCConfigurationList section */
		CFG0001 /* Build configuration list for PBXProject "Sidrat" */ = {
			isa = XCConfigurationList;
			buildConfigurations = (
				CFG0010 /* Debug */,
				CFG0011 /* Release */,
			);
			defaultConfigurationIsVisible = 0;
			defaultConfigurationName = Release;
		};
		CFG0003 /* Build configuration list for PBXNativeTarget "Sidrat" */ = {
			isa = XCConfigurationList;
			buildConfigurations = (
				CFG0020 /* Debug */,
				CFG0021 /* Release */,
			);
			defaultConfigurationIsVisible = 0;
			defaultConfigurationName = Release;
		};
/* End XCConfigurationList section */
	};
	rootObject = PRJ0001 /* Project object */;
}
